
Microsoft Visual Studio Solution File, Format Version 12.00
# Visual Studio Version 16
VisualStudioVersion = 16.0.31129.286
MinimumVisualStudioVersion = 10.0.40219.1
Project("{9A19103F-16F7-4668-BE54-9A1E7A4F7556}") = "Grafik_Console", "Grafik\Grafik_Console.csproj", "{F7801492-7534-4038-990D-051D994E8D9E}"
EndProject
Project("{9A19103F-16F7-4668-BE54-9A1E7A4F7556}") = "Grafik_Logic", "Grafik.Logic\Grafik_Logic.csproj", "{92E2022E-8316-43CD-A3F9-A310E6C7DCFC}"
EndProject
Project("{9A19103F-16F7-4668-BE54-9A1E7A4F7556}") = "Grafik_Web", "Grafik_Web\Grafik_Web.csproj", "{C48412BE-223F-419A-83B1-6A125A7DCFA9}"
EndProject
Global
	GlobalSection(SolutionConfigurationPlatforms) = preSolution
		Debug|Any CPU = Debug|Any CPU
		Release|Any CPU = Release|Any CPU
	EndGlobalSection
	GlobalSection(ProjectConfigurationPlatforms) = postSolution
		{F7801492-7534-4038-990D-051D994E8D9E}.Debug|Any CPU.ActiveCfg = Debug|Any CPU
		{F7801492-7534-4038-990D-051D994E8D9E}.Debug|Any CPU.Build.0 = Debug|Any CPU
		{F7801492-7534-4038-990D-051D994E8D9E}.Release|Any CPU.ActiveCfg = Release|Any CPU
		{F7801492-7534-4038-990D-051D994E8D9E}.Release|Any CPU.Build.0 = Release|Any CPU
		{92E2022E-8316-43CD-A3F9-A310E6C7DCFC}.Debug|Any CPU.ActiveCfg = Debug|Any CPU
		{92E2022E-8316-43CD-A3F9-A310E6C7DCFC}.Debug|Any CPU.Build.0 = Debug|Any CPU
		{92E2022E-8316-43CD-A3F9-A310E6C7DCFC}.Release|Any CPU.ActiveCfg = Release|Any CPU
		{92E2022E-8316-43CD-A3F9-A310E6C7DCFC}.Release|Any CPU.Build.0 = Release|Any CPU
		{C48412BE-223F-419A-83B1-6A125A7DCFA9}.Debug|Any CPU.ActiveCfg = Debug|Any CPU
		{C48412BE-223F-419A-83B1-6A125A7DCFA9}.Debug|Any CPU.Build.0 = Debug|Any CPU
		{C48412BE-223F-419A-83B1-6A125A7DCFA9}.Release|Any CPU.ActiveCfg = Release|Any CPU
		{C48412BE-223F-419A-83B1-6A125A7DCFA9}.Release|Any CPU.Build.0 = Release|Any CPU
	EndGlobalSection
	GlobalSection(SolutionProperties) = preSolution
		HideSolutionNode = FALSE
	EndGlobalSection
	GlobalSection(ExtensibilityGlobals) = postSolution
		SolutionGuid = {533ADA95-9BD5-4521-81AD-6FD35673C18B}
	EndGlobalSection
EndGlobal
